{
    "_meta": {
        "hash": {
            "sha256": "dce8c9a767e4450fd1e27d0186fcd8880d2b14925eccebe80bbe1172ef5c84f1"
        },
        "pipfile-spec": 6,
        "requires": {
            "python_version": "3.9"
        },
        "sources": [
            {
                "name": "pypi",
                "url": "https://pypi.org/simple",
                "verify_ssl": true
            }
        ]
    },
    "default": {},
    "develop": {
        "rope": {
            "hashes": [
                "sha256:64e6d747532e1f5c8009ec5aae3e5523a5bcedf516f39a750d57d8ed749d90da"
            ],
            "index": "pypi",
            "version": "==0.19.0"
        }
    }
}
